<?xml version="1.0" encoding="utf-8"?>
<Project ToolsVersion="4.0" xmlns="http://schemas.microsoft.com/developer/msbuild/2003">
  <ItemGroup>
    <Filter Include="Исходные файлы">
      <UniqueIdentifier>{4FC737F1-C7A5-4376-A066-2A32D752A2FF}</UniqueIdentifier>
      <Extensions>cpp;c;cc;cxx;def;odl;idl;hpj;bat;asm;asmx</Extensions>
    </Filter>
    <Filter Include="Файлы заголовков">
      <UniqueIdentifier>{93995380-89BD-4b04-88EB-625FBE52EBFB}</UniqueIdentifier>
      <Extensions>h;hh;hpp;hxx;hm;inl;inc;ipp;xsd</Extensions>
    </Filter>
    <Filter Include="Файлы ресурсов">
      <UniqueIdentifier>{67DA6AB6-F800-4c08-8B7A-83BB121AAD01}</UniqueIdentifier>
      <Extensions>rc;ico;cur;bmp;dlg;rc2;rct;bin;rgs;gif;jpg;jpeg;jpe;resx;tiff;tif;png;wav;mfcribbon-ms</Extensions>
    </Filter>
  </ItemGroup>
  <ItemGroup>
    <ClCompile Include="vmthlib\src\vec_1back.c">
      <Filter>Исходные файлы</Filter>
    </ClCompile>
    <ClCompile Include="vmthlib\src\vec_1right.c">
      <Filter>Исходные файлы</Filter>
    </ClCompile>
    <ClCompile Include="vmthlib\src\vec_1up.c">
      <Filter>Исходные файлы</Filter>
    </ClCompile>
    <ClCompile Include="vmthlib\src\vec_1zero.c">
      <Filter>Исходные файлы</Filter>
    </ClCompile>
    <ClCompile Include="vmthlib\src\vec_2add.c">
      <Filter>Исходные файлы</Filter>
    </ClCompile>
    <ClCompile Include="vmthlib\src\vec_2d.c">
      <Filter>Исходные файлы</Filter>
    </ClCompile>
    <ClCompile Include="vmthlib\src\vec_2dot.c">
      <Filter>Исходные файлы</Filter>
    </ClCompile>
    <ClCompile Include="vmthlib\src\vec_2drot.c">
      <Filter>Исходные файлы</Filter>
    </ClCompile>
    <ClCompile Include="vmthlib\src\vec_2dscale.c">
      <Filter>Исходные файлы</Filter>
    </ClCompile>
    <ClCompile Include="vmthlib\src\vec_2fmul.c">
      <Filter>Исходные файлы</Filter>
    </ClCompile>
    <ClCompile Include="vmthlib\src\vec_2i.c">
      <Filter>Исходные файлы</Filter>
    </ClCompile>
    <ClCompile Include="vmthlib\src\vec_2magnitude.c">
      <Filter>Исходные файлы</Filter>
    </ClCompile>
    <ClCompile Include="vmthlib\src\vec_2mul.c">
      <Filter>Исходные файлы</Filter>
    </ClCompile>
    <ClCompile Include="vmthlib\src\vec_2norm.c">
      <Filter>Исходные файлы</Filter>
    </ClCompile>
    <ClCompile Include="vmthlib\src\vec_2normalize.c">
      <Filter>Исходные файлы</Filter>
    </ClCompile>
    <ClCompile Include="vmthlib\src\vec_2sub.c">
      <Filter>Исходные файлы</Filter>
    </ClCompile>
    <ClCompile Include="vmthlib\src\vec_3add.c">
      <Filter>Исходные файлы</Filter>
    </ClCompile>
    <ClCompile Include="vmthlib\src\vec_3d.c">
      <Filter>Исходные файлы</Filter>
    </ClCompile>
    <ClCompile Include="vmthlib\src\vec_3dot.c">
      <Filter>Исходные файлы</Filter>
    </ClCompile>
    <ClCompile Include="vmthlib\src\vec_3dreflect.c">
      <Filter>Исходные файлы</Filter>
    </ClCompile>
    <ClCompile Include="vmthlib\src\vec_3drot.c">
      <Filter>Исходные файлы</Filter>
    </ClCompile>
    <ClCompile Include="vmthlib\src\vec_3drotate.c">
      <Filter>Исходные файлы</Filter>
    </ClCompile>
    <ClCompile Include="vmthlib\src\vec_3dscale.c">
      <Filter>Исходные файлы</Filter>
    </ClCompile>
    <ClCompile Include="vmthlib\src\vec_3fmul.c">
      <Filter>Исходные файлы</Filter>
    </ClCompile>
    <ClCompile Include="vmthlib\src\vec_3i.c">
      <Filter>Исходные файлы</Filter>
    </ClCompile>
    <ClCompile Include="vmthlib\src\vec_3magnitude.c">
      <Filter>Исходные файлы</Filter>
    </ClCompile>
    <ClCompile Include="vmthlib\src\vec_3mul.c">
      <Filter>Исходные файлы</Filter>
    </ClCompile>
    <ClCompile Include="vmthlib\src\vec_3norm.c">
      <Filter>Исходные файлы</Filter>
    </ClCompile>
    <ClCompile Include="vmthlib\src\vec_3normalize.c">
      <Filter>Исходные файлы</Filter>
    </ClCompile>
    <ClCompile Include="vmthlib\src\vec_3sub.c">
      <Filter>Исходные файлы</Filter>
    </ClCompile>
    <ClCompile Include="vmthlib\src\vec_inters.c">
      <Filter>Исходные файлы</Filter>
    </ClCompile>
    <ClCompile Include="vmthlib\src\vec_reflect.c">
      <Filter>Исходные файлы</Filter>
    </ClCompile>
    <ClCompile Include="temp.c">
      <Filter>Файлы ресурсов</Filter>
    </ClCompile>
    <ClCompile Include="sphere.c">
      <Filter>Файлы ресурсов</Filter>
    </ClCompile>
    <ClCompile Include="sf_sdl.c">
      <Filter>Файлы ресурсов</Filter>
    </ClCompile>
    <ClCompile Include="info.c">
      <Filter>Файлы ресурсов</Filter>
    </ClCompile>
    <ClCompile Include="mat_get_new.c">
      <Filter>Исходные файлы</Filter>
    </ClCompile>
    <ClCompile Include="mat_get_copy.c">
      <Filter>Исходные файлы</Filter>
    </ClCompile>
    <ClCompile Include="mat_free.c">
      <Filter>Исходные файлы</Filter>
    </ClCompile>
    <ClCompile Include="mat_fill_vertical_matrix.c">
      <Filter>Исходные файлы</Filter>
    </ClCompile>
    <ClCompile Include="mat_get_colums_rows.c">
      <Filter>Исходные файлы</Filter>
    </ClCompile>
    <ClCompile Include="mat_discriminant.c">
      <Filter>Исходные файлы</Filter>
    </ClCompile>
    <ClCompile Include="mat_change_symbol.c">
      <Filter>Исходные файлы</Filter>
    </ClCompile>
    <ClCompile Include="mat_transposed_matrix.c">
      <Filter>Исходные файлы</Filter>
    </ClCompile>
    <ClCompile Include="mat_mult_m_to_m.c">
      <Filter>Исходные файлы</Filter>
    </ClCompile>
    <ClCompile Include="mat_minors_matrix.c">
      <Filter>Исходные файлы</Filter>
    </ClCompile>
    <ClCompile Include="mat_invert_matrix.c">
      <Filter>Исходные файлы</Filter>
    </ClCompile>
    <ClCompile Include="mat_get_minor.c">
      <Filter>Исходные файлы</Filter>
    </ClCompile>
    <ClCompile Include="mat_get_rows.c">
      <Filter>Исходные файлы</Filter>
    </ClCompile>
    <ClCompile Include="mat_swap_for_rows.c">
      <Filter>Исходные файлы</Filter>
    </ClCompile>
    <ClCompile Include="mat_minus_matrix_buffer.c">
      <Filter>Исходные файлы</Filter>
    </ClCompile>
    <ClCompile Include="mat_mult_for_double_buffer.c">
      <Filter>Исходные файлы</Filter>
    </ClCompile>
    <ClCompile Include="mat_mult_vect_matrix.c">
      <Filter>Исходные файлы</Filter>
    </ClCompile>
    <ClCompile Include="event.c">
      <Filter>Файлы ресурсов</Filter>
    </ClCompile>
    <ClCompile Include="deg_to_rad.c">
      <Filter>Исходные файлы</Filter>
    </ClCompile>
    <ClCompile Include="main.c">
      <Filter>Файлы ресурсов</Filter>
    </ClCompile>
    <ClCompile Include="camera.c">
      <Filter>Файлы ресурсов</Filter>
    </ClCompile>
    <ClCompile Include="plane.c">
      <Filter>Файлы ресурсов</Filter>
    </ClCompile>
    <ClCompile Include="box.c">
      <Filter>Файлы ресурсов</Filter>
    </ClCompile>
    <ClCompile Include="vec_3invert_dir.c">
      <Filter>Исходные файлы</Filter>
    </ClCompile>
    <ClCompile Include="render.c">
      <Filter>Файлы ресурсов</Filter>
    </ClCompile>
    <ClCompile Include="light.c">
      <Filter>Файлы ресурсов</Filter>
    </ClCompile>
    <ClCompile Include="vec_1double.c">
      <Filter>Исходные файлы</Filter>
    </ClCompile>
  </ItemGroup>
  <ItemGroup>
    <ClInclude Include="vmthlib\include\vmth.h">
      <Filter>Файлы заголовков</Filter>
    </ClInclude>
    <ClInclude Include="include\main.h">
      <Filter>Файлы заголовков</Filter>
    </ClInclude>
    <ClInclude Include="temp.h">
      <Filter>Файлы заголовков</Filter>
    </ClInclude>
    <ClInclude Include="struct.h">
      <Filter>Файлы заголовков</Filter>
    </ClInclude>
  </ItemGroup>
</Project>